---
lockfileVersion: 1
lockfileVendor: redhat
arches:
- arch: x86_64
  packages:
  - url: http://localhost:PORT/test-repo/test-continued-a-1.0-1.noarch.rpm
    repoid: test-repo
    size: 86879
    checksum: sha256:ba1c4b592aa920573e37f9fc74886949f0e8a510bf6a91de2d5820de0a4050d7
    name: test-continued-a
    evr: 1.0-1
    sourcerpm: test-continued-a-1.0-1.src.rpm
  - url: http://localhost:PORT/test-repo/test-continued-b-1.0-1.noarch.rpm
    repoid: test-repo
    size: 11311
    checksum: sha256:d512ae4ab2a4c77a1879330751f335deeb8c32ab5932cee13ed4490efb197a07
    name: test-continued-b
    evr: 1.0-1
    sourcerpm: test-continued-b-1.0-1.src.rpm
  source:
  - url: http://localhost:PORT/test-repo/test-continued-a-1.0-1.src.rpm
    repoid: test-repo
    size: 43078
    checksum: sha256:838889f2e42f3a2bb5ceca6d8a0699cec46a71948451a65a4cf77a2ddb07995e
    name: test-continued-a
    evr: 1.0-1
  - url: http://localhost:PORT/test-repo/test-continued-b-1.0-1.src.rpm
    repoid: test-repo
    size: 77088
    checksum: sha256:720f60962baeeef175b538b18e3e490f3c1c8bd29e5bc8130b1b0bbf86af8750
    name: test-continued-b
    evr: 1.0-1
  module_metadata: []
