---
lockfileVersion: 1
lockfileVendor: redhat
arches:
- arch: x86_64
  packages:
  - url: http://localhost:PORT/test-repo/test-base-1.0-1.noarch.rpm
    repoid: test-repo
    size: 17899
    checksum: sha256:e3ca3c340759b02d09400e29a1c739e1f2c2bf8c793b2baf7bcebc3f44da5c53
    name: test-base
    evr: 1.0-1
    sourcerpm: test-base-1.0-1.src.rpm
  - url: http://localhost:PORT/test-repo/test-from-arg-1.0-1.noarch.rpm
    repoid: test-repo
    size: 91629
    checksum: sha256:0ec74d92de9a134e95f8e50423682304559eb939bd636ce488af52b6f2c3d50d
    name: test-from-arg
    evr: 1.0-1
    sourcerpm: test-from-arg-1.0-1.src.rpm
  source:
  - url: http://localhost:PORT/test-repo/test-base-1.0-1.src.rpm
    repoid: test-repo
    size: 2327
    checksum: sha256:6a3850963dc1c535e77b51fcbad730f392c4dad235c1c690a77044e418243fbf
    name: test-base
    evr: 1.0-1
  - url: http://localhost:PORT/test-repo/test-from-arg-1.0-1.src.rpm
    repoid: test-repo
    size: 52669
    checksum: sha256:64fb0740f19af519bf8c1ba05d5f6886506faef07a4f55efc1d5752b077cdd55
    name: test-from-arg
    evr: 1.0-1
  module_metadata: []
